
Microsoft Visual Studio Solution File, Format Version 12.00
# Visual Studio Version 17
VisualStudioVersion = 17.3.32929.385
MinimumVisualStudioVersion = 10.0.40219.1
Project("{9A19103F-16F7-4668-BE54-9A1E7A4F7556}") = "FastForward", "FastForward.csproj", "{621D89EE-F6BB-4F49-B5AC-ACE4DA0E1912}"
EndProject
Global
	GlobalSection(SolutionConfigurationPlatforms) = preSolution
		Debug|Any CPU = Debug|Any CPU
		Release|Any CPU = Release|Any CPU
	EndGlobalSection
	GlobalSection(ProjectConfigurationPlatforms) = postSolution
		{621D89EE-F6BB-4F49-B5AC-ACE4DA0E1912}.Debug|Any CPU.ActiveCfg = Debug|Any CPU
		{621D89EE-F6BB-4F49-B5AC-ACE4DA0E1912}.Debug|Any CPU.Build.0 = Debug|Any CPU
		{621D89EE-F6BB-4F49-B5AC-ACE4DA0E1912}.Release|Any CPU.ActiveCfg = Release|Any CPU
		{621D89EE-F6BB-4F49-B5AC-ACE4DA0E1912}.Release|Any CPU.Build.0 = Release|Any CPU
	EndGlobalSection
	GlobalSection(SolutionProperties) = preSolution
		HideSolutionNode = FALSE
	EndGlobalSection
	GlobalSection(ExtensibilityGlobals) = postSolution
		SolutionGuid = {59B5C3A1-C429-452E-BDFA-727C8BF30628}
	EndGlobalSection
EndGlobal
